<?xml version="1.0" encoding="utf-8"?>
<Project ToolsVersion="4.0" xmlns="http://schemas.microsoft.com/developer/msbuild/2003">
  <ItemGroup>
    <Filter Include="源文件">
      <UniqueIdentifier>{4FC737F1-C7A5-4376-A066-2A32D752A2FF}</UniqueIdentifier>
      <Extensions>cpp;c;cc;cxx;c++;cppm;ixx;def;odl;idl;hpj;bat;asm;asmx</Extensions>
    </Filter>
    <Filter Include="头文件">
      <UniqueIdentifier>{93995380-89BD-4b04-88EB-625FBE52EBFB}</UniqueIdentifier>
      <Extensions>h;hh;hpp;hxx;h++;hm;inl;inc;ipp;xsd</Extensions>
    </Filter>
    <Filter Include="资源文件">
      <UniqueIdentifier>{67DA6AB6-F800-4c08-8B7A-83BB121AAD01}</UniqueIdentifier>
      <Extensions>rc;ico;cur;bmp;dlg;rc2;rct;bin;rgs;gif;jpg;jpeg;jpe;resx;tiff;tif;png;wav;mfcribbon-ms</Extensions>
    </Filter>
  </ItemGroup>
  <ItemGroup>
    <!-- Aggregation headers -->
    <ClInclude Include="app.h">
      <Filter>头文件</Filter>
    </ClInclude>
    <ClInclude Include="input.h">
      <Filter>头文件</Filter>
    </ClInclude>
    <ClInclude Include="model.h">
      <Filter>头文件</Filter>
    </ClInclude>
    <ClInclude Include="persistence.h">
      <Filter>头文件</Filter>
    </ClInclude>
    <ClInclude Include="reports.h">
      <Filter>头文件</Filter>
    </ClInclude>
    <!-- Internal headers -->
    <ClInclude Include="constants.h">
      <Filter>头文件</Filter>
    </ClInclude>
    <ClInclude Include="time_util.h">
      <Filter>头文件</Filter>
    </ClInclude>
    <ClInclude Include="entities.h">
      <Filter>头文件</Filter>
    </ClInclude>
    <ClInclude Include="drug.h">
      <Filter>头文件</Filter>
    </ClInclude>
    <ClInclude Include="ward.h">
      <Filter>头文件</Filter>
    </ClInclude>
    <ClInclude Include="record.h">
      <Filter>头文件</Filter>
    </ClInclude>
    <ClInclude Include="system.h">
      <Filter>头文件</Filter>
    </ClInclude>
    <ClInclude Include="validate.h">
      <Filter>头文件</Filter>
    </ClInclude>
    <ClInclude Include="io.h">
      <Filter>头文件</Filter>
    </ClInclude>
    <ClInclude Include="input_util.h">
      <Filter>头文件</Filter>
    </ClInclude>
    <ClInclude Include="query.h">
      <Filter>头文件</Filter>
    </ClInclude>
    <ClInclude Include="stats.h">
      <Filter>头文件</Filter>
    </ClInclude>
    <ClInclude Include="session.h">
      <Filter>头文件</Filter>
    </ClInclude>
    <ClInclude Include="ui_print.h">
      <Filter>头文件</Filter>
    </ClInclude>
  </ItemGroup>
  <ItemGroup>
    <ClCompile Include="main.c">
      <Filter>源文件</Filter>
    </ClCompile>
    <ClCompile Include="time_util.c">
      <Filter>源文件</Filter>
    </ClCompile>
    <ClCompile Include="entities.c">
      <Filter>源文件</Filter>
    </ClCompile>
    <ClCompile Include="drug.c">
      <Filter>源文件</Filter>
    </ClCompile>
    <ClCompile Include="ward.c">
      <Filter>源文件</Filter>
    </ClCompile>
    <ClCompile Include="record.c">
      <Filter>源文件</Filter>
    </ClCompile>
    <ClCompile Include="system.c">
      <Filter>源文件</Filter>
    </ClCompile>
    <ClCompile Include="validate.c">
      <Filter>源文件</Filter>
    </ClCompile>
    <ClCompile Include="io.c">
      <Filter>源文件</Filter>
    </ClCompile>
    <ClCompile Include="input_util.c">
      <Filter>源文件</Filter>
    </ClCompile>
    <ClCompile Include="reports.c">
      <Filter>源文件</Filter>
    </ClCompile>
    <ClCompile Include="menu_nav.c">
      <Filter>源文件</Filter>
    </ClCompile>
    <ClCompile Include="session.c">
      <Filter>源文件</Filter>
    </ClCompile>
    <ClCompile Include="ui_print.c">
      <Filter>源文件</Filter>
    </ClCompile>
  </ItemGroup>
</Project>